
Microsoft Visual Studio Solution File, Format Version 12.00
# Visual Studio Version 17
VisualStudioVersion = 17.11.35312.102
MinimumVisualStudioVersion = 10.0.40219.1
Project("{FAE04EC0-301F-11D3-BF4B-00C04F79EFBC}") = "N7Pa", "NgPa\N7Pa.csproj", "{5B9C32A8-95CD-42E6-B67B-0AC01D4E6D28}"
EndProject
Global
	GlobalSection(SolutionConfigurationPlatforms) = preSolution
		Debug|Any CPU = Debug|Any CPU
		Release|Any CPU = Release|Any CPU
	EndGlobalSection
	GlobalSection(ProjectConfigurationPlatforms) = postSolution
		{5B9C32A8-95CD-42E6-B67B-0AC01D4E6D28}.Debug|Any CPU.ActiveCfg = Debug|Any CPU
		{5B9C32A8-95CD-42E6-B67B-0AC01D4E6D28}.Debug|Any CPU.Build.0 = Debug|Any CPU
		{5B9C32A8-95CD-42E6-B67B-0AC01D4E6D28}.Release|Any CPU.ActiveCfg = Release|Any CPU
		{5B9C32A8-95CD-42E6-B67B-0AC01D4E6D28}.Release|Any CPU.Build.0 = Release|Any CPU
	EndGlobalSection
	GlobalSection(SolutionProperties) = preSolution
		HideSolutionNode = FALSE
	EndGlobalSection
	GlobalSection(ExtensibilityGlobals) = postSolution
		SolutionGuid = {6010320D-7869-4289-8DB9-49206600882A}
	EndGlobalSection
EndGlobal
